
Microsoft Visual Studio Solution File, Format Version 12.00
# Visual Studio Version 17
VisualStudioVersion = 17.9.34728.123
MinimumVisualStudioVersion = 10.0.40219.1
Project("{FAE04EC0-301F-11D3-BF4B-00C04F79EFBC}") = "hubdiario", "hubdiario\hubdiario.csproj", "{7EF792C5-18C9-44FF-B9E3-AA5D6240A8C8}"
EndProject
Project("{FAE04EC0-301F-11D3-BF4B-00C04F79EFBC}") = "Hubdiario.AlertService", "Hubdiario.AlertService\Hubdiario.AlertService.csproj", "{34171B99-5189-4C15-A3B5-5222638184BF}"
EndProject
Global
	GlobalSection(SolutionConfigurationPlatforms) = preSolution
		Debug|Any CPU = Debug|Any CPU
		Release|Any CPU = Release|Any CPU
	EndGlobalSection
	GlobalSection(ProjectConfigurationPlatforms) = postSolution
		{7EF792C5-18C9-44FF-B9E3-AA5D6240A8C8}.Debug|Any CPU.ActiveCfg = Debug|Any CPU
		{7EF792C5-18C9-44FF-B9E3-AA5D6240A8C8}.Debug|Any CPU.Build.0 = Debug|Any CPU
		{7EF792C5-18C9-44FF-B9E3-AA5D6240A8C8}.Release|Any CPU.ActiveCfg = Release|Any CPU
		{7EF792C5-18C9-44FF-B9E3-AA5D6240A8C8}.Release|Any CPU.Build.0 = Release|Any CPU
		{34171B99-5189-4C15-A3B5-5222638184BF}.Debug|Any CPU.ActiveCfg = Debug|Any CPU
		{34171B99-5189-4C15-A3B5-5222638184BF}.Debug|Any CPU.Build.0 = Debug|Any CPU
		{34171B99-5189-4C15-A3B5-5222638184BF}.Release|Any CPU.ActiveCfg = Release|Any CPU
		{34171B99-5189-4C15-A3B5-5222638184BF}.Release|Any CPU.Build.0 = Release|Any CPU
	EndGlobalSection
	GlobalSection(SolutionProperties) = preSolution
		HideSolutionNode = FALSE
	EndGlobalSection
	GlobalSection(ExtensibilityGlobals) = postSolution
		SolutionGuid = {AFD545AC-736D-4CD5-9EF9-6043B76490FD}
	EndGlobalSection
EndGlobal
